
Microsoft Visual Studio Solution File, Format Version 12.00
# Visual Studio Version 16
VisualStudioVersion = 16.0.30503.244
MinimumVisualStudioVersion = 10.0.40219.1
Project("{FAE04EC0-301F-11D3-BF4B-00C04F79EFBC}") = "Word Subtraction", "Word Subtraction\Word Subtraction.csproj", "{42F8CC24-CFDB-4A9A-A1CE-C5410BEEF4A6}"
EndProject
Global
	GlobalSection(SolutionConfigurationPlatforms) = preSolution
		Debug|Any CPU = Debug|Any CPU
		Release|Any CPU = Release|Any CPU
	EndGlobalSection
	GlobalSection(ProjectConfigurationPlatforms) = postSolution
		{42F8CC24-CFDB-4A9A-A1CE-C5410BEEF4A6}.Debug|Any CPU.ActiveCfg = Debug|Any CPU
		{42F8CC24-CFDB-4A9A-A1CE-C5410BEEF4A6}.Debug|Any CPU.Build.0 = Debug|Any CPU
		{42F8CC24-CFDB-4A9A-A1CE-C5410BEEF4A6}.Release|Any CPU.ActiveCfg = Release|Any CPU
		{42F8CC24-CFDB-4A9A-A1CE-C5410BEEF4A6}.Release|Any CPU.Build.0 = Release|Any CPU
	EndGlobalSection
	GlobalSection(SolutionProperties) = preSolution
		HideSolutionNode = FALSE
	EndGlobalSection
	GlobalSection(ExtensibilityGlobals) = postSolution
		SolutionGuid = {4023EF1E-94D3-4B92-B54A-BDFF6BEBFF8E}
	EndGlobalSection
EndGlobal
